// !$*UTF8*$!
{
	archiveVersion = 1;
	classes = {
	};
	objectVersion = 77;
	objects = {

/* Begin PBXBuildFile section */
		E9F622BE2F87E9E500F05A5A /* PVLFamilyActivityExtension.appex in Embed Foundation Extensions */ = {isa = PBXBuildFile; fileRef = E9F622A82F87E9E200F05A5A /* PVLFamilyActivityExtension.appex */; settings = {ATTRIBUTES = (RemoveHeadersOnCopy, ); }; };
		E9F622C82F88052300F05A5A /* SwiftUI.framework in Frameworks */ = {isa = PBXBuildFile; fileRef = E9F622AC2F87E9E300F05A5A /* SwiftUI.framework */; };
		E9F622C92F88052300F05A5A /* SwiftUI.framework in Embed Frameworks */ = {isa = PBXBuildFile; fileRef = E9F622AC2F87E9E300F05A5A /* SwiftUI.framework */; settings = {ATTRIBUTES = (RemoveHeadersOnCopy, ); }; };
		E9F622CB2F88052400F05A5A /* WidgetKit.framework in Frameworks */ = {isa = PBXBuildFile; fileRef = E9F622AA2F87E9E200F05A5A /* WidgetKit.framework */; };
		E9F622CC2F88052400F05A5A /* WidgetKit.framework in Embed Frameworks */ = {isa = PBXBuildFile; fileRef = E9F622AA2F87E9E200F05A5A /* WidgetKit.framework */; settings = {ATTRIBUTES = (RemoveHeadersOnCopy, ); }; };
/* End PBXBuildFile section */

/* Begin PBXContainerItemProxy section */
		E96394A92F8CE8B2002C2078 /* PBXContainerItemProxy */ = {
			isa = PBXContainerItemProxy;
			containerPortal = E9326F622F7BA18E00A85416 /* Project object */;
			proxyType = 1;
			remoteGlobalIDString = E9326F692F7BA18E00A85416;
			remoteInfo = PVLFamily;
		};
		E9F622BC2F87E9E500F05A5A /* PBXContainerItemProxy */ = {
			isa = PBXContainerItemProxy;
			containerPortal = E9326F622F7BA18E00A85416 /* Project object */;
			proxyType = 1;
			remoteGlobalIDString = E9F622A72F87E9E200F05A5A;
			remoteInfo = PVLFamilyActivityExtension;
		};
/* End PBXContainerItemProxy section */

/* Begin PBXCopyFilesBuildPhase section */
		E9F622C32F87E9E500F05A5A /* Embed Foundation Extensions */ = {
			isa = PBXCopyFilesBuildPhase;
			buildActionMask = 2147483647;
			dstPath = "";
			dstSubfolderSpec = 13;
			files = (
				E9F622BE2F87E9E500F05A5A /* PVLFamilyActivityExtension.appex in Embed Foundation Extensions */,
			);
			name = "Embed Foundation Extensions";
			runOnlyForDeploymentPostprocessing = 0;
		};
		E9F622CA2F88052300F05A5A /* Embed Frameworks */ = {
			isa = PBXCopyFilesBuildPhase;
			buildActionMask = 2147483647;
			dstPath = "";
			dstSubfolderSpec = 10;
			files = (
				E9F622C92F88052300F05A5A /* SwiftUI.framework in Embed Frameworks */,
				E9F622CC2F88052400F05A5A /* WidgetKit.framework in Embed Frameworks */,
			);
			name = "Embed Frameworks";
			runOnlyForDeploymentPostprocessing = 0;
		};
/* End PBXCopyFilesBuildPhase section */

/* Begin PBXFileReference section */
		E9326F6A2F7BA18E00A85416 /* PVLFamily.app */ = {isa = PBXFileReference; explicitFileType = wrapper.application; includeInIndex = 0; path = PVLFamily.app; sourceTree = BUILT_PRODUCTS_DIR; };
		E96394A32F8CE8B2002C2078 /* PVLFamilyUITests.xctest */ = {isa = PBXFileReference; explicitFileType = wrapper.cfbundle; includeInIndex = 0; path = PVLFamilyUITests.xctest; sourceTree = BUILT_PRODUCTS_DIR; };
		E9F622A82F87E9E200F05A5A /* PVLFamilyActivityExtension.appex */ = {isa = PBXFileReference; explicitFileType = "wrapper.app-extension"; includeInIndex = 0; path = PVLFamilyActivityExtension.appex; sourceTree = BUILT_PRODUCTS_DIR; };
		E9F622AA2F87E9E200F05A5A /* WidgetKit.framework */ = {isa = PBXFileReference; lastKnownFileType = wrapper.framework; name = WidgetKit.framework; path = System/Library/Frameworks/WidgetKit.framework; sourceTree = SDKROOT; };
		E9F622AC2F87E9E300F05A5A /* SwiftUI.framework */ = {isa = PBXFileReference; lastKnownFileType = wrapper.framework; name = SwiftUI.framework; path = System/Library/Frameworks/SwiftUI.framework; sourceTree = SDKROOT; };
/* End PBXFileReference section */

/* Begin PBXFileSystemSynchronizedBuildFileExceptionSet section */
		E9326F922F7BA28F00A85416 /* Exceptions for "PVLFamily" folder in "PVLFamily" target */ = {
			isa = PBXFileSystemSynchronizedBuildFileExceptionSet;
			membershipExceptions = (
				Info.plist,
			);
			target = E9326F692F7BA18E00A85416 /* PVLFamily */;
		};
		E9F622D72F88215800F05A5A /* Exceptions for "PVLFamilyActivity" folder in "PVLFamilyActivityExtension" target */ = {
			isa = PBXFileSystemSynchronizedBuildFileExceptionSet;
			membershipExceptions = (
				Info.plist,
			);
			target = E9F622A72F87E9E200F05A5A /* PVLFamilyActivityExtension */;
		};
		E9F622D82F88219700F05A5A /* Exceptions for "PVLFamilyActivity" folder in "PVLFamily" target */ = {
			isa = PBXFileSystemSynchronizedBuildFileExceptionSet;
			membershipExceptions = (
				Info.plist,
				PVLFamilyActivity.swift,
				PVLFamilyActivityBundle.swift,
				SleepIntents.swift,
			);
			target = E9326F692F7BA18E00A85416 /* PVLFamily */;
		};
		E9F622D92F88409500F05A5A /* Exceptions for "PVLFamily" folder in "PVLFamilyActivityExtension" target */ = {
			isa = PBXFileSystemSynchronizedBuildFileExceptionSet;
			membershipExceptions = (
				SleepActivityAttributes.swift,
			);
			target = E9F622A72F87E9E200F05A5A /* PVLFamilyActivityExtension */;
		};
/* End PBXFileSystemSynchronizedBuildFileExceptionSet section */

/* Begin PBXFileSystemSynchronizedRootGroup section */
		E9326F6C2F7BA18E00A85416 /* PVLFamily */ = {
			isa = PBXFileSystemSynchronizedRootGroup;
			exceptions = (
				E9326F922F7BA28F00A85416 /* Exceptions for "PVLFamily" folder in "PVLFamily" target */,
				E9F622D92F88409500F05A5A /* Exceptions for "PVLFamily" folder in "PVLFamilyActivityExtension" target */,
			);
			path = PVLFamily;
			sourceTree = "<group>";
		};
		E96394A42F8CE8B2002C2078 /* PVLFamilyUITests */ = {
			isa = PBXFileSystemSynchronizedRootGroup;
			path = PVLFamilyUITests;
			sourceTree = "<group>";
		};
		E9F622AE2F87E9E300F05A5A /* PVLFamilyActivity */ = {
			isa = PBXFileSystemSynchronizedRootGroup;
			exceptions = (
				E9F622D82F88219700F05A5A /* Exceptions for "PVLFamilyActivity" folder in "PVLFamily" target */,
				E9F622D72F88215800F05A5A /* Exceptions for "PVLFamilyActivity" folder in "PVLFamilyActivityExtension" target */,
			);
			path = PVLFamilyActivity;
			sourceTree = "<group>";
		};
/* End PBXFileSystemSynchronizedRootGroup section */

/* Begin PBXFrameworksBuildPhase section */
		E9326F672F7BA18E00A85416 /* Frameworks */ = {
			isa = PBXFrameworksBuildPhase;
			buildActionMask = 2147483647;
			files = (
			);
			runOnlyForDeploymentPostprocessing = 0;
		};
		E96394A02F8CE8B2002C2078 /* Frameworks */ = {
			isa = PBXFrameworksBuildPhase;
			buildActionMask = 2147483647;
			files = (
			);
			runOnlyForDeploymentPostprocessing = 0;
		};
		E9F622A52F87E9E200F05A5A /* Frameworks */ = {
			isa = PBXFrameworksBuildPhase;
			buildActionMask = 2147483647;
			files = (
				E9F622C82F88052300F05A5A /* SwiftUI.framework in Frameworks */,
				E9F622CB2F88052400F05A5A /* WidgetKit.framework in Frameworks */,
			);
			runOnlyForDeploymentPostprocessing = 0;
		};
/* End PBXFrameworksBuildPhase section */

/* Begin PBXGroup section */
		E9326F612F7BA18E00A85416 = {
			isa = PBXGroup;
			children = (
				E9326F6C2F7BA18E00A85416 /* PVLFamily */,
				E9F622AE2F87E9E300F05A5A /* PVLFamilyActivity */,
				E96394A42F8CE8B2002C2078 /* PVLFamilyUITests */,
				E9F622A92F87E9E200F05A5A /* Frameworks */,
				E9326F6B2F7BA18E00A85416 /* Products */,
			);
			sourceTree = "<group>";
		};
		E9326F6B2F7BA18E00A85416 /* Products */ = {
			isa = PBXGroup;
			children = (
				E9326F6A2F7BA18E00A85416 /* PVLFamily.app */,
				E9F622A82F87E9E200F05A5A /* PVLFamilyActivityExtension.appex */,
				E96394A32F8CE8B2002C2078 /* PVLFamilyUITests.xctest */,
			);
			name = Products;
			sourceTree = "<group>";
		};
		E9F622A92F87E9E200F05A5A /* Frameworks */ = {
			isa = PBXGroup;
			children = (
				E9F622AA2F87E9E200F05A5A /* WidgetKit.framework */,
				E9F622AC2F87E9E300F05A5A /* SwiftUI.framework */,
			);
			name = Frameworks;
			sourceTree = "<group>";
		};
/* End PBXGroup section */

/* Begin PBXNativeTarget section */
		E9326F692F7BA18E00A85416 /* PVLFamily */ = {
			isa = PBXNativeTarget;
			buildConfigurationList = E9326F752F7BA19100A85416 /* Build configuration list for PBXNativeTarget "PVLFamily" */;
			buildPhases = (
				E9326F662F7BA18E00A85416 /* Sources */,
				E9326F672F7BA18E00A85416 /* Frameworks */,
				E9326F682F7BA18E00A85416 /* Resources */,
				E9F622C32F87E9E500F05A5A /* Embed Foundation Extensions */,
			);
			buildRules = (
			);
			dependencies = (
				E9F622BD2F87E9E500F05A5A /* PBXTargetDependency */,
			);
			fileSystemSynchronizedGroups = (
				E9326F6C2F7BA18E00A85416 /* PVLFamily */,
				E9F622AE2F87E9E300F05A5A /* PVLFamilyActivity */,
			);
			name = PVLFamily;
			packageProductDependencies = (
			);
			productName = PVLFamily;
			productReference = E9326F6A2F7BA18E00A85416 /* PVLFamily.app */;
			productType = "com.apple.product-type.application";
		};
		E96394A22F8CE8B2002C2078 /* PVLFamilyUITests */ = {
			isa = PBXNativeTarget;
			buildConfigurationList = E96394AB2F8CE8B2002C2078 /* Build configuration list for PBXNativeTarget "PVLFamilyUITests" */;
			buildPhases = (
				E963949F2F8CE8B2002C2078 /* Sources */,
				E96394A02F8CE8B2002C2078 /* Frameworks */,
				E96394A12F8CE8B2002C2078 /* Resources */,
			);
			buildRules = (
			);
			dependencies = (
				E96394AA2F8CE8B2002C2078 /* PBXTargetDependency */,
			);
			fileSystemSynchronizedGroups = (
				E96394A42F8CE8B2002C2078 /* PVLFamilyUITests */,
			);
			name = PVLFamilyUITests;
			packageProductDependencies = (
			);
			productName = PVLFamilyUITests;
			productReference = E96394A32F8CE8B2002C2078 /* PVLFamilyUITests.xctest */;
			productType = "com.apple.product-type.bundle.ui-testing";
		};
		E9F622A72F87E9E200F05A5A /* PVLFamilyActivityExtension */ = {
			isa = PBXNativeTarget;
			buildConfigurationList = E9F622BF2F87E9E500F05A5A /* Build configuration list for PBXNativeTarget "PVLFamilyActivityExtension" */;
			buildPhases = (
				E9F622A42F87E9E200F05A5A /* Sources */,
				E9F622A52F87E9E200F05A5A /* Frameworks */,
				E9F622A62F87E9E200F05A5A /* Resources */,
				E9F622CA2F88052300F05A5A /* Embed Frameworks */,
			);
			buildRules = (
			);
			dependencies = (
			);
			fileSystemSynchronizedGroups = (
				E9F622AE2F87E9E300F05A5A /* PVLFamilyActivity */,
			);
			name = PVLFamilyActivityExtension;
			packageProductDependencies = (
			);
			productName = PVLFamilyActivityExtension;
			productReference = E9F622A82F87E9E200F05A5A /* PVLFamilyActivityExtension.appex */;
			productType = "com.apple.product-type.app-extension";
		};
/* End PBXNativeTarget section */

/* Begin PBXProject section */
		E9326F622F7BA18E00A85416 /* Project object */ = {
			isa = PBXProject;
			attributes = {
				BuildIndependentTargetsInParallel = 1;
				LastSwiftUpdateCheck = 2640;
				LastUpgradeCheck = 2640;
				TargetAttributes = {
					E9326F692F7BA18E00A85416 = {
						CreatedOnToolsVersion = 26.4;
					};
					E96394A22F8CE8B2002C2078 = {
						CreatedOnToolsVersion = 26.4;
						TestTargetID = E9326F692F7BA18E00A85416;
					};
					E9F622A72F87E9E200F05A5A = {
						CreatedOnToolsVersion = 26.4;
					};
				};
			};
			buildConfigurationList = E9326F652F7BA18E00A85416 /* Build configuration list for PBXProject "PVLFamily" */;
			developmentRegion = en;
			hasScannedForEncodings = 0;
			knownRegions = (
				en,
				Base,
			);
			mainGroup = E9326F612F7BA18E00A85416;
			minimizedProjectReferenceProxies = 1;
			preferredProjectObjectVersion = 77;
			productRefGroup = E9326F6B2F7BA18E00A85416 /* Products */;
			projectDirPath = "";
			projectRoot = "";
			targets = (
				E9326F692F7BA18E00A85416 /* PVLFamily */,
				E9F622A72F87E9E200F05A5A /* PVLFamilyActivityExtension */,
				E96394A22F8CE8B2002C2078 /* PVLFamilyUITests */,
			);
		};
/* End PBXProject section */

/* Begin PBXResourcesBuildPhase section */
		E9326F682F7BA18E00A85416 /* Resources */ = {
			isa = PBXResourcesBuildPhase;
			buildActionMask = 2147483647;
			files = (
			);
			runOnlyForDeploymentPostprocessing = 0;
		};
		E96394A12F8CE8B2002C2078 /* Resources */ = {
			isa = PBXResourcesBuildPhase;
			buildActionMask = 2147483647;
			files = (
			);
			runOnlyForDeploymentPostprocessing = 0;
		};
		E9F622A62F87E9E200F05A5A /* Resources */ = {
			isa = PBXResourcesBuildPhase;
			buildActionMask = 2147483647;
			files = (
			);
			runOnlyForDeploymentPostprocessing = 0;
		};
/* End PBXResourcesBuildPhase section */

/* Begin PBXSourcesBuildPhase section */
		E9326F662F7BA18E00A85416 /* Sources */ = {
			isa = PBXSourcesBuildPhase;
			buildActionMask = 2147483647;
			files = (
			);
			runOnlyForDeploymentPostprocessing = 0;
		};
		E963949F2F8CE8B2002C2078 /* Sources */ = {
			isa = PBXSourcesBuildPhase;
			buildActionMask = 2147483647;
			files = (
			);
			runOnlyForDeploymentPostprocessing = 0;
		};
		E9F622A42F87E9E200F05A5A /* Sources */ = {
			isa = PBXSourcesBuildPhase;
			buildActionMask = 2147483647;
			files = (
			);
			runOnlyForDeploymentPostprocessing = 0;
		};
/* End PBXSourcesBuildPhase section */

/* Begin PBXTargetDependency section */
		E96394AA2F8CE8B2002C2078 /* PBXTargetDependency */ = {
			isa = PBXTargetDependency;
			target = E9326F692F7BA18E00A85416 /* PVLFamily */;
			targetProxy = E96394A92F8CE8B2002C2078 /* PBXContainerItemProxy */;
		};
		E9F622BD2F87E9E500F05A5A /* PBXTargetDependency */ = {
			isa = PBXTargetDependency;
			target = E9F622A72F87E9E200F05A5A /* PVLFamilyActivityExtension */;
			targetProxy = E9F622BC2F87E9E500F05A5A /* PBXContainerItemProxy */;
		};
/* End PBXTargetDependency section */

/* Begin XCBuildConfiguration section */
		E9326F732F7BA19100A85416 /* Debug */ = {
			isa = XCBuildConfiguration;
			buildSettings = {
				ALWAYS_SEARCH_USER_PATHS = NO;
				ASSETCATALOG_COMPILER_GENERATE_SWIFT_ASSET_SYMBOL_EXTENSIONS = YES;
				CLANG_ANALYZER_NONNULL = YES;
				CLANG_ANALYZER_NUMBER_OBJECT_CONVERSION = YES_AGGRESSIVE;
				CLANG_CXX_LANGUAGE_STANDARD = "gnu++20";
				CLANG_ENABLE_MODULES = YES;
				CLANG_ENABLE_OBJC_ARC = YES;
				CLANG_ENABLE_OBJC_WEAK = YES;
				CLANG_WARN_BLOCK_CAPTURE_AUTORELEASING = YES;
				CLANG_WARN_BOOL_CONVERSION = YES;
				CLANG_WARN_COMMA = YES;
				CLANG_WARN_CONSTANT_CONVERSION = YES;
				CLANG_WARN_DEPRECATED_OBJC_IMPLEMENTATIONS = YES;
				CLANG_WARN_DIRECT_OBJC_ISA_USAGE = YES_ERROR;
				CLANG_WARN_DOCUMENTATION_COMMENTS = YES;
				CLANG_WARN_EMPTY_BODY = YES;
				CLANG_WARN_ENUM_CONVERSION = YES;
				CLANG_WARN_INFINITE_RECURSION = YES;
				CLANG_WARN_INT_CONVERSION = YES;
				CLANG_WARN_NON_LITERAL_NULL_CONVERSION = YES;
				CLANG_WARN_OBJC_IMPLICIT_RETAIN_SELF = YES;
				CLANG_WARN_OBJC_LITERAL_CONVERSION = YES;
				CLANG_WARN_OBJC_ROOT_CLASS = YES_ERROR;
				CLANG_WARN_QUOTED_INCLUDE_IN_FRAMEWORK_HEADER = YES;
				CLANG_WARN_RANGE_LOOP_ANALYSIS = YES;
				CLANG_WARN_STRICT_PROTOTYPES = YES;
				CLANG_WARN_SUSPICIOUS_MOVE = YES;
				CLANG_WARN_UNGUARDED_AVAILABILITY = YES_AGGRESSIVE;
				CLANG_WARN_UNREACHABLE_CODE = YES;
				CLANG_WARN__DUPLICATE_METHOD_MATCH = YES;
				COPY_PHASE_STRIP = NO;
				DEBUG_INFORMATION_FORMAT = dwarf;
				ENABLE_STRICT_OBJC_MSGSEND = YES;
				ENABLE_TESTABILITY = YES;
				ENABLE_USER_SCRIPT_SANDBOXING = YES;
				GCC_C_LANGUAGE_STANDARD = gnu17;
				GCC_DYNAMIC_NO_PIC = NO;
				GCC_NO_COMMON_BLOCKS = YES;
				GCC_OPTIMIZATION_LEVEL = 0;
				GCC_PREPROCESSOR_DEFINITIONS = (
					"DEBUG=1",
					"$(inherited)",
				);
				GCC_WARN_64_TO_32_BIT_CONVERSION = YES;
				GCC_WARN_ABOUT_RETURN_TYPE = YES_ERROR;
				GCC_WARN_UNDECLARED_SELECTOR = YES;
				GCC_WARN_UNINITIALIZED_AUTOS = YES_AGGRESSIVE;
				GCC_WARN_UNUSED_FUNCTION = YES;
				GCC_WARN_UNUSED_VARIABLE = YES;
				LOCALIZATION_PREFERS_STRING_CATALOGS = YES;
				MTL_ENABLE_DEBUG_INFO = INCLUDE_SOURCE;
				MTL_FAST_MATH = YES;
				ONLY_ACTIVE_ARCH = YES;
				SWIFT_ACTIVE_COMPILATION_CONDITIONS = "DEBUG $(inherited)";
				SWIFT_OPTIMIZATION_LEVEL = "-Onone";
			};
			name = Debug;
		};
		E9326F742F7BA19100A85416 /* Release */ = {
			isa = XCBuildConfiguration;
			buildSettings = {
				ALWAYS_SEARCH_USER_PATHS = NO;
				ASSETCATALOG_COMPILER_GENERATE_SWIFT_ASSET_SYMBOL_EXTENSIONS = YES;
				CLANG_ANALYZER_NONNULL = YES;
				CLANG_ANALYZER_NUMBER_OBJECT_CONVERSION = YES_AGGRESSIVE;
				CLANG_CXX_LANGUAGE_STANDARD = "gnu++20";
				CLANG_ENABLE_MODULES = YES;
				CLANG_ENABLE_OBJC_ARC = YES;
				CLANG_ENABLE_OBJC_WEAK = YES;
				CLANG_WARN_BLOCK_CAPTURE_AUTORELEASING = YES;
				CLANG_WARN_BOOL_CONVERSION = YES;
				CLANG_WARN_COMMA = YES;
				CLANG_WARN_CONSTANT_CONVERSION = YES;
				CLANG_WARN_DEPRECATED_OBJC_IMPLEMENTATIONS = YES;
				CLANG_WARN_DIRECT_OBJC_ISA_USAGE = YES_ERROR;
				CLANG_WARN_DOCUMENTATION_COMMENTS = YES;
				CLANG_WARN_EMPTY_BODY = YES;
				CLANG_WARN_ENUM_CONVERSION = YES;
				CLANG_WARN_INFINITE_RECURSION = YES;
				CLANG_WARN_INT_CONVERSION = YES;
				CLANG_WARN_NON_LITERAL_NULL_CONVERSION = YES;
				CLANG_WARN_OBJC_IMPLICIT_RETAIN_SELF = YES;
				CLANG_WARN_OBJC_LITERAL_CONVERSION = YES;
				CLANG_WARN_OBJC_ROOT_CLASS = YES_ERROR;
				CLANG_WARN_QUOTED_INCLUDE_IN_FRAMEWORK_HEADER = YES;
				CLANG_WARN_RANGE_LOOP_ANALYSIS = YES;
				CLANG_WARN_STRICT_PROTOTYPES = YES;
				CLANG_WARN_SUSPICIOUS_MOVE = YES;
				CLANG_WARN_UNGUARDED_AVAILABILITY = YES_AGGRESSIVE;
				CLANG_WARN_UNREACHABLE_CODE = YES;
				CLANG_WARN__DUPLICATE_METHOD_MATCH = YES;
				COPY_PHASE_STRIP = NO;
				DEBUG_INFORMATION_FORMAT = "dwarf-with-dsym";
				ENABLE_NS_ASSERTIONS = NO;
				ENABLE_STRICT_OBJC_MSGSEND = YES;
				ENABLE_USER_SCRIPT_SANDBOXING = YES;
				GCC_C_LANGUAGE_STANDARD = gnu17;
				GCC_NO_COMMON_BLOCKS = YES;
				GCC_WARN_64_TO_32_BIT_CONVERSION = YES;
				GCC_WARN_ABOUT_RETURN_TYPE = YES_ERROR;
				GCC_WARN_UNDECLARED_SELECTOR = YES;
				GCC_WARN_UNINITIALIZED_AUTOS = YES_AGGRESSIVE;
				GCC_WARN_UNUSED_FUNCTION = YES;
				GCC_WARN_UNUSED_VARIABLE = YES;
				LOCALIZATION_PREFERS_STRING_CATALOGS = YES;
				MTL_ENABLE_DEBUG_INFO = NO;
				MTL_FAST_MATH = YES;
				SWIFT_COMPILATION_MODE = wholemodule;
			};
			name = Release;
		};
		E9326F762F7BA19100A85416 /* Debug */ = {
			isa = XCBuildConfiguration;
			buildSettings = {
				ASSETCATALOG_COMPILER_APPICON_NAME = AppIcon;
				ASSETCATALOG_COMPILER_GLOBAL_ACCENT_COLOR_NAME = AccentColor;
				CODE_SIGN_STYLE = Automatic;
				CURRENT_PROJECT_VERSION = 1;
				DEVELOPMENT_TEAM = 2VPAPJP6U8;
				ENABLE_APP_SANDBOX = YES;
				ENABLE_PREVIEWS = YES;
				ENABLE_USER_SELECTED_FILES = readonly;
				GENERATE_INFOPLIST_FILE = YES;
				INFOPLIST_FILE = PVLFamily/Info.plist;
				"INFOPLIST_KEY_UIApplicationSceneManifest_Generation[sdk=iphoneos*]" = YES;
				"INFOPLIST_KEY_UIApplicationSceneManifest_Generation[sdk=iphonesimulator*]" = YES;
				"INFOPLIST_KEY_UIApplicationSupportsIndirectInputEvents[sdk=iphoneos*]" = YES;
				"INFOPLIST_KEY_UIApplicationSupportsIndirectInputEvents[sdk=iphonesimulator*]" = YES;
				"INFOPLIST_KEY_UILaunchScreen_Generation[sdk=iphoneos*]" = YES;
				"INFOPLIST_KEY_UILaunchScreen_Generation[sdk=iphonesimulator*]" = YES;
				"INFOPLIST_KEY_UIStatusBarStyle[sdk=iphoneos*]" = UIStatusBarStyleDefault;
				"INFOPLIST_KEY_UIStatusBarStyle[sdk=iphonesimulator*]" = UIStatusBarStyleDefault;
				INFOPLIST_KEY_UISupportedInterfaceOrientations = UIInterfaceOrientationPortrait;
				IPHONEOS_DEPLOYMENT_TARGET = 26.4;
				LD_RUNPATH_SEARCH_PATHS = "@executable_path/Frameworks";
				"LD_RUNPATH_SEARCH_PATHS[sdk=macosx*]" = "@executable_path/../Frameworks";
				MACOSX_DEPLOYMENT_TARGET = 26.3;
				MARKETING_VERSION = 1.0;
				PRODUCT_BUNDLE_IDENTIFIER = com.pvlfamily.PVLFamily;
				PRODUCT_NAME = "$(TARGET_NAME)";
				REGISTER_APP_GROUPS = YES;
				SDKROOT = auto;
				STRING_CATALOG_GENERATE_SYMBOLS = YES;
				SUPPORTED_PLATFORMS = "iphoneos iphonesimulator";
				SUPPORTS_MACCATALYST = NO;
				SWIFT_APPROACHABLE_CONCURRENCY = YES;
				SWIFT_DEFAULT_ACTOR_ISOLATION = MainActor;
				SWIFT_EMIT_LOC_STRINGS = YES;
				SWIFT_UPCOMING_FEATURE_MEMBER_IMPORT_VISIBILITY = YES;
				SWIFT_VERSION = 5.0;
				TARGETED_DEVICE_FAMILY = 1;
				XROS_DEPLOYMENT_TARGET = 26.4;
			};
			name = Debug;
		};
		E9326F772F7BA19100A85416 /* Release */ = {
			isa = XCBuildConfiguration;
			buildSettings = {
				ASSETCATALOG_COMPILER_APPICON_NAME = AppIcon;
				ASSETCATALOG_COMPILER_GLOBAL_ACCENT_COLOR_NAME = AccentColor;
				CODE_SIGN_STYLE = Automatic;
				CURRENT_PROJECT_VERSION = 1;
				DEVELOPMENT_TEAM = 2VPAPJP6U8;
				ENABLE_APP_SANDBOX = YES;
				ENABLE_PREVIEWS = YES;
				ENABLE_USER_SELECTED_FILES = readonly;
				GENERATE_INFOPLIST_FILE = YES;
				INFOPLIST_FILE = PVLFamily/Info.plist;
				"INFOPLIST_KEY_UIApplicationSceneManifest_Generation[sdk=iphoneos*]" = YES;
				"INFOPLIST_KEY_UIApplicationSceneManifest_Generation[sdk=iphonesimulator*]" = YES;
				"INFOPLIST_KEY_UIApplicationSupportsIndirectInputEvents[sdk=iphoneos*]" = YES;
				"INFOPLIST_KEY_UIApplicationSupportsIndirectInputEvents[sdk=iphonesimulator*]" = YES;
				"INFOPLIST_KEY_UILaunchScreen_Generation[sdk=iphoneos*]" = YES;
				"INFOPLIST_KEY_UILaunchScreen_Generation[sdk=iphonesimulator*]" = YES;
				"INFOPLIST_KEY_UIStatusBarStyle[sdk=iphoneos*]" = UIStatusBarStyleDefault;
				"INFOPLIST_KEY_UIStatusBarStyle[sdk=iphonesimulator*]" = UIStatusBarStyleDefault;
				INFOPLIST_KEY_UISupportedInterfaceOrientations = UIInterfaceOrientationPortrait;
				IPHONEOS_DEPLOYMENT_TARGET = 26.4;
				LD_RUNPATH_SEARCH_PATHS = "@executable_path/Frameworks";
				"LD_RUNPATH_SEARCH_PATHS[sdk=macosx*]" = "@executable_path/../Frameworks";
				MACOSX_DEPLOYMENT_TARGET = 26.3;
				MARKETING_VERSION = 1.0;
				PRODUCT_BUNDLE_IDENTIFIER = com.pvlfamily.PVLFamily;
				PRODUCT_NAME = "$(TARGET_NAME)";
				REGISTER_APP_GROUPS = YES;
				SDKROOT = auto;
				STRING_CATALOG_GENERATE_SYMBOLS = YES;
				SUPPORTED_PLATFORMS = "iphoneos iphonesimulator";
				SUPPORTS_MACCATALYST = NO;
				SWIFT_APPROACHABLE_CONCURRENCY = YES;
				SWIFT_DEFAULT_ACTOR_ISOLATION = MainActor;
				SWIFT_EMIT_LOC_STRINGS = YES;
				SWIFT_UPCOMING_FEATURE_MEMBER_IMPORT_VISIBILITY = YES;
				SWIFT_VERSION = 5.0;
				TARGETED_DEVICE_FAMILY = 1;
				XROS_DEPLOYMENT_TARGET = 26.4;
			};
			name = Release;
		};
		E96394AC2F8CE8B2002C2078 /* Debug */ = {
			isa = XCBuildConfiguration;
			buildSettings = {
				CODE_SIGN_STYLE = Automatic;
				CURRENT_PROJECT_VERSION = 1;
				DEVELOPMENT_TEAM = 2VPAPJP6U8;
				GENERATE_INFOPLIST_FILE = YES;
				IPHONEOS_DEPLOYMENT_TARGET = 26.4;
				MARKETING_VERSION = 1.0;
				PRODUCT_BUNDLE_IDENTIFIER = com.pvlfamily.PVLFamilyUITests;
				PRODUCT_NAME = "$(TARGET_NAME)";
				SDKROOT = iphoneos;
				STRING_CATALOG_GENERATE_SYMBOLS = NO;
				SWIFT_APPROACHABLE_CONCURRENCY = YES;
				SWIFT_EMIT_LOC_STRINGS = NO;
				SWIFT_UPCOMING_FEATURE_MEMBER_IMPORT_VISIBILITY = YES;
				SWIFT_VERSION = 5.0;
				TARGETED_DEVICE_FAMILY = "1,2";
				TEST_TARGET_NAME = PVLFamily;
			};
			name = Debug;
		};
		E96394AD2F8CE8B2002C2078 /* Release */ = {
			isa = XCBuildConfiguration;
			buildSettings = {
				CODE_SIGN_STYLE = Automatic;
				CURRENT_PROJECT_VERSION = 1;
				DEVELOPMENT_TEAM = 2VPAPJP6U8;
				GENERATE_INFOPLIST_FILE = YES;
				IPHONEOS_DEPLOYMENT_TARGET = 26.4;
				MARKETING_VERSION = 1.0;
				PRODUCT_BUNDLE_IDENTIFIER = com.pvlfamily.PVLFamilyUITests;
				PRODUCT_NAME = "$(TARGET_NAME)";
				SDKROOT = iphoneos;
				STRING_CATALOG_GENERATE_SYMBOLS = NO;
				SWIFT_APPROACHABLE_CONCURRENCY = YES;
				SWIFT_EMIT_LOC_STRINGS = NO;
				SWIFT_UPCOMING_FEATURE_MEMBER_IMPORT_VISIBILITY = YES;
				SWIFT_VERSION = 5.0;
				TARGETED_DEVICE_FAMILY = "1,2";
				TEST_TARGET_NAME = PVLFamily;
				VALIDATE_PRODUCT = YES;
			};
			name = Release;
		};
		E9F622C02F87E9E500F05A5A /* Debug */ = {
			isa = XCBuildConfiguration;
			buildSettings = {
				ASSETCATALOG_COMPILER_GLOBAL_ACCENT_COLOR_NAME = AccentColor;
				ASSETCATALOG_COMPILER_WIDGET_BACKGROUND_COLOR_NAME = WidgetBackground;
				CODE_SIGN_STYLE = Automatic;
				CURRENT_PROJECT_VERSION = 1;
				DEVELOPMENT_TEAM = 2VPAPJP6U8;
				GENERATE_INFOPLIST_FILE = YES;
				INFOPLIST_FILE = PVLFamilyActivity/Info.plist;
				INFOPLIST_KEY_CFBundleDisplayName = PVLFamilyActivity;
				INFOPLIST_KEY_NSHumanReadableCopyright = "";
				IPHONEOS_DEPLOYMENT_TARGET = 26.4;
				LD_RUNPATH_SEARCH_PATHS = (
					"$(inherited)",
					"@executable_path/Frameworks",
					"@executable_path/../../Frameworks",
				);
				MARKETING_VERSION = 1.0;
				PRODUCT_BUNDLE_IDENTIFIER = com.pvlfamily.PVLFamily.PVLFamilyActivity;
				PRODUCT_NAME = "$(TARGET_NAME)";
				SDKROOT = iphoneos;
				SKIP_INSTALL = YES;
				STRING_CATALOG_GENERATE_SYMBOLS = YES;
				SWIFT_APPROACHABLE_CONCURRENCY = YES;
				SWIFT_EMIT_LOC_STRINGS = YES;
				SWIFT_UPCOMING_FEATURE_MEMBER_IMPORT_VISIBILITY = YES;
				SWIFT_VERSION = 5.0;
				TARGETED_DEVICE_FAMILY = "1,2";
			};
			name = Debug;
		};
		E9F622C12F87E9E500F05A5A /* Release */ = {
			isa = XCBuildConfiguration;
			buildSettings = {
				ASSETCATALOG_COMPILER_GLOBAL_ACCENT_COLOR_NAME = AccentColor;
				ASSETCATALOG_COMPILER_WIDGET_BACKGROUND_COLOR_NAME = WidgetBackground;
				CODE_SIGN_STYLE = Automatic;
				CURRENT_PROJECT_VERSION = 1;
				DEVELOPMENT_TEAM = 2VPAPJP6U8;
				GENERATE_INFOPLIST_FILE = YES;
				INFOPLIST_FILE = PVLFamilyActivity/Info.plist;
				INFOPLIST_KEY_CFBundleDisplayName = PVLFamilyActivity;
				INFOPLIST_KEY_NSHumanReadableCopyright = "";
				IPHONEOS_DEPLOYMENT_TARGET = 26.4;
				LD_RUNPATH_SEARCH_PATHS = (
					"$(inherited)",
					"@executable_path/Frameworks",
					"@executable_path/../../Frameworks",
				);
				MARKETING_VERSION = 1.0;
				PRODUCT_BUNDLE_IDENTIFIER = com.pvlfamily.PVLFamily.PVLFamilyActivity;
				PRODUCT_NAME = "$(TARGET_NAME)";
				SDKROOT = iphoneos;
				SKIP_INSTALL = YES;
				STRING_CATALOG_GENERATE_SYMBOLS = YES;
				SWIFT_APPROACHABLE_CONCURRENCY = YES;
				SWIFT_EMIT_LOC_STRINGS = YES;
				SWIFT_UPCOMING_FEATURE_MEMBER_IMPORT_VISIBILITY = YES;
				SWIFT_VERSION = 5.0;
				TARGETED_DEVICE_FAMILY = "1,2";
				VALIDATE_PRODUCT = YES;
			};
			name = Release;
		};
/* End XCBuildConfiguration section */

/* Begin XCConfigurationList section */
		E9326F652F7BA18E00A85416 /* Build configuration list for PBXProject "PVLFamily" */ = {
			isa = XCConfigurationList;
			buildConfigurations = (
				E9326F732F7BA19100A85416 /* Debug */,
				E9326F742F7BA19100A85416 /* Release */,
			);
			defaultConfigurationIsVisible = 0;
			defaultConfigurationName = Release;
		};
		E9326F752F7BA19100A85416 /* Build configuration list for PBXNativeTarget "PVLFamily" */ = {
			isa = XCConfigurationList;
			buildConfigurations = (
				E9326F762F7BA19100A85416 /* Debug */,
				E9326F772F7BA19100A85416 /* Release */,
			);
			defaultConfigurationIsVisible = 0;
			defaultConfigurationName = Release;
		};
		E96394AB2F8CE8B2002C2078 /* Build configuration list for PBXNativeTarget "PVLFamilyUITests" */ = {
			isa = XCConfigurationList;
			buildConfigurations = (
				E96394AC2F8CE8B2002C2078 /* Debug */,
				E96394AD2F8CE8B2002C2078 /* Release */,
			);
			defaultConfigurationIsVisible = 0;
			defaultConfigurationName = Release;
		};
		E9F622BF2F87E9E500F05A5A /* Build configuration list for PBXNativeTarget "PVLFamilyActivityExtension" */ = {
			isa = XCConfigurationList;
			buildConfigurations = (
				E9F622C02F87E9E500F05A5A /* Debug */,
				E9F622C12F87E9E500F05A5A /* Release */,
			);
			defaultConfigurationIsVisible = 0;
			defaultConfigurationName = Release;
		};
/* End XCConfigurationList section */
	};
	rootObject = E9326F622F7BA18E00A85416 /* Project object */;
}
